// !$*UTF8*$!
{
	archiveVersion = 1;
	classes = {
	};
	objectVersion = 50;
	objects = {

/* Begin PBXBuildFile section */
		184195A7263FF76B0079AA90 /* AppDelegate.swift in Sources */ = {isa = PBXBuildFile; fileRef = 184195A6263FF76B0079AA90 /* AppDelegate.swift */; };
		184195A9263FF76B0079AA90 /* SceneDelegate.swift in Sources */ = {isa = PBXBuildFile; fileRef = 184195A8263FF76B0079AA90 /* SceneDelegate.swift */; };
		184195B0263FF76C0079AA90 /* Assets.xcassets in Resources */ = {isa = PBXBuildFile; fileRef = 184195AF263FF76C0079AA90 /* Assets.xcassets */; };
		184195B3263FF76C0079AA90 /* LaunchScreen.storyboard in Resources */ = {isa = PBXBuildFile; fileRef = 184195B1263FF76C0079AA90 /* LaunchScreen.storyboard */; };
		184195C02642C5730079AA90 /* InfoViewController.swift in Sources */ = {isa = PBXBuildFile; fileRef = 184195BF2642C5730079AA90 /* InfoViewController.swift */; };
		184195C32643DC9F0079AA90 /* HabitsStore.swift in Sources */ = {isa = PBXBuildFile; fileRef = 184195C22643DC9F0079AA90 /* HabitsStore.swift */; };
		184195C62643E6430079AA90 /* HabitsViewController.swift in Sources */ = {isa = PBXBuildFile; fileRef = 184195C52643E6430079AA90 /* HabitsViewController.swift */; };
		184637F72646AB9C00B8082F /* Protocols.swift in Sources */ = {isa = PBXBuildFile; fileRef = 184637F62646AB9C00B8082F /* Protocols.swift */; };
		184637FE264BDE4A00B8082F /* HabitCollectionViewCell.swift in Sources */ = {isa = PBXBuildFile; fileRef = 184637FD264BDE4A00B8082F /* HabitCollectionViewCell.swift */; };
		186A8DDA26500D0400A8AA0C /* CorrectHabitViewController.swift in Sources */ = {isa = PBXBuildFile; fileRef = 186A8DD926500D0400A8AA0C /* CorrectHabitViewController.swift */; };
		186A8DDD2652ED6400A8AA0C /* ProgressCollectionViewCell.swift in Sources */ = {isa = PBXBuildFile; fileRef = 186A8DDC2652ED6400A8AA0C /* ProgressCollectionViewCell.swift */; };
		188CC070264E9EE600ECFECE /* HabitDetailsViewController.swift in Sources */ = {isa = PBXBuildFile; fileRef = 188CC06F264E9EE600ECFECE /* HabitDetailsViewController.swift */; };
		188CC074264E9F6B00ECFECE /* HabitDetailHeader.swift in Sources */ = {isa = PBXBuildFile; fileRef = 188CC073264E9F6B00ECFECE /* HabitDetailHeader.swift */; };
		188CC077264E9F9500ECFECE /* HabitDetailViewCell.swift in Sources */ = {isa = PBXBuildFile; fileRef = 188CC076264E9F9500ECFECE /* HabitDetailViewCell.swift */; };
		18A5E70D2673A01B00ABFF17 /* RootTabBarController.swift in Sources */ = {isa = PBXBuildFile; fileRef = 18A5E70C2673A01B00ABFF17 /* RootTabBarController.swift */; };
/* End PBXBuildFile section */

/* Begin PBXFileReference section */
		184195A3263FF76B0079AA90 /* MyHabits.app */ = {isa = PBXFileReference; explicitFileType = wrapper.application; includeInIndex = 0; path = MyHabits.app; sourceTree = BUILT_PRODUCTS_DIR; };
		184195A6263FF76B0079AA90 /* AppDelegate.swift */ = {isa = PBXFileReference; lastKnownFileType = sourcecode.swift; path = AppDelegate.swift; sourceTree = "<group>"; };
		184195A8263FF76B0079AA90 /* SceneDelegate.swift */ = {isa = PBXFileReference; lastKnownFileType = sourcecode.swift; path = SceneDelegate.swift; sourceTree = "<group>"; };
		184195AF263FF76C0079AA90 /* Assets.xcassets */ = {isa = PBXFileReference; lastKnownFileType = folder.assetcatalog; path = Assets.xcassets; sourceTree = "<group>"; };
		184195B2263FF76C0079AA90 /* Base */ = {isa = PBXFileReference; lastKnownFileType = file.storyboard; name = Base; path = Base.lproj/LaunchScreen.storyboard; sourceTree = "<group>"; };
		184195B4263FF76C0079AA90 /* Info.plist */ = {isa = PBXFileReference; lastKnownFileType = text.plist.xml; path = Info.plist; sourceTree = "<group>"; };
		184195BF2642C5730079AA90 /* InfoViewController.swift */ = {isa = PBXFileReference; lastKnownFileType = sourcecode.swift; path = InfoViewController.swift; sourceTree = "<group>"; };
		184195C22643DC9F0079AA90 /* HabitsStore.swift */ = {isa = PBXFileReference; lastKnownFileType = sourcecode.swift; path = HabitsStore.swift; sourceTree = "<group>"; };
		184195C52643E6430079AA90 /* HabitsViewController.swift */ = {isa = PBXFileReference; lastKnownFileType = sourcecode.swift; path = HabitsViewController.swift; sourceTree = "<group>"; };
		184637F62646AB9C00B8082F /* Protocols.swift */ = {isa = PBXFileReference; lastKnownFileType = sourcecode.swift; path = Protocols.swift; sourceTree = "<group>"; };
		184637FD264BDE4A00B8082F /* HabitCollectionViewCell.swift */ = {isa = PBXFileReference; lastKnownFileType = sourcecode.swift; path = HabitCollectionViewCell.swift; sourceTree = "<group>"; };
		186A8DD926500D0400A8AA0C /* CorrectHabitViewController.swift */ = {isa = PBXFileReference; lastKnownFileType = sourcecode.swift; path = CorrectHabitViewController.swift; sourceTree = "<group>"; };
		186A8DDC2652ED6400A8AA0C /* ProgressCollectionViewCell.swift */ = {isa = PBXFileReference; lastKnownFileType = sourcecode.swift; path = ProgressCollectionViewCell.swift; sourceTree = "<group>"; };
		186A8DDF2653EAF600A8AA0C /* README.md */ = {isa = PBXFileReference; lastKnownFileType = net.daringfireball.markdown; path = README.md; sourceTree = "<group>"; };
		188CC06F264E9EE600ECFECE /* HabitDetailsViewController.swift */ = {isa = PBXFileReference; lastKnownFileType = sourcecode.swift; path = HabitDetailsViewController.swift; sourceTree = "<group>"; };
		188CC073264E9F6B00ECFECE /* HabitDetailHeader.swift */ = {isa = PBXFileReference; lastKnownFileType = sourcecode.swift; path = HabitDetailHeader.swift; sourceTree = "<group>"; };
		188CC076264E9F9500ECFECE /* HabitDetailViewCell.swift */ = {isa = PBXFileReference; lastKnownFileType = sourcecode.swift; path = HabitDetailViewCell.swift; sourceTree = "<group>"; };
		18A5E70C2673A01B00ABFF17 /* RootTabBarController.swift */ = {isa = PBXFileReference; lastKnownFileType = sourcecode.swift; path = RootTabBarController.swift; sourceTree = "<group>"; };
/* End PBXFileReference section */

/* Begin PBXFrameworksBuildPhase section */
		184195A0263FF76B0079AA90 /* Frameworks */ = {
			isa = PBXFrameworksBuildPhase;
			buildActionMask = 2147483647;
			files = (
			);
			runOnlyForDeploymentPostprocessing = 0;
		};
/* End PBXFrameworksBuildPhase section */

/* Begin PBXGroup section */
		183110AA267FD90C008C8114 /* Habits */ = {
			isa = PBXGroup;
			children = (
				184195C52643E6430079AA90 /* HabitsViewController.swift */,
				184637FD264BDE4A00B8082F /* HabitCollectionViewCell.swift */,
				186A8DDC2652ED6400A8AA0C /* ProgressCollectionViewCell.swift */,
				186A8DD926500D0400A8AA0C /* CorrectHabitViewController.swift */,
			);
			path = Habits;
			sourceTree = "<group>";
		};
		183110AB267FD974008C8114 /* Store */ = {
			isa = PBXGroup;
			children = (
				184195C22643DC9F0079AA90 /* HabitsStore.swift */,
			);
			path = Store;
			sourceTree = "<group>";
		};
		183110AC267FD9B1008C8114 /* Protocols */ = {
			isa = PBXGroup;
			children = (
				184637F62646AB9C00B8082F /* Protocols.swift */,
			);
			path = Protocols;
			sourceTree = "<group>";
		};
		183110AD267FD9D1008C8114 /* InfoController */ = {
			isa = PBXGroup;
			children = (
				184195BF2642C5730079AA90 /* InfoViewController.swift */,
			);
			path = InfoController;
			sourceTree = "<group>";
		};
		183110AE267FD9FC008C8114 /* Navigation */ = {
			isa = PBXGroup;
			children = (
				18A5E70C2673A01B00ABFF17 /* RootTabBarController.swift */,
			);
			path = Navigation;
			sourceTree = "<group>";
		};
		1841959A263FF76B0079AA90 = {
			isa = PBXGroup;
			children = (
				186A8DDF2653EAF600A8AA0C /* README.md */,
				184195A5263FF76B0079AA90 /* MyHabits */,
				184195A4263FF76B0079AA90 /* Products */,
			);
			sourceTree = "<group>";
		};
		184195A4263FF76B0079AA90 /* Products */ = {
			isa = PBXGroup;
			children = (
				184195A3263FF76B0079AA90 /* MyHabits.app */,
			);
			name = Products;
			sourceTree = "<group>";
		};
		184195A5263FF76B0079AA90 /* MyHabits */ = {
			isa = PBXGroup;
			children = (
				184195A6263FF76B0079AA90 /* AppDelegate.swift */,
				184195A8263FF76B0079AA90 /* SceneDelegate.swift */,
				183110AE267FD9FC008C8114 /* Navigation */,
				183110AA267FD90C008C8114 /* Habits */,
				188CC06E264E9EBE00ECFECE /* HabitDetail */,
				183110AB267FD974008C8114 /* Store */,
				183110AD267FD9D1008C8114 /* InfoController */,
				183110AC267FD9B1008C8114 /* Protocols */,
				184195B4263FF76C0079AA90 /* Info.plist */,
				184195AF263FF76C0079AA90 /* Assets.xcassets */,
				184195B1263FF76C0079AA90 /* LaunchScreen.storyboard */,
			);
			path = MyHabits;
			sourceTree = "<group>";
		};
		188CC06E264E9EBE00ECFECE /* HabitDetail */ = {
			isa = PBXGroup;
			children = (
				188CC06F264E9EE600ECFECE /* HabitDetailsViewController.swift */,
				188CC073264E9F6B00ECFECE /* HabitDetailHeader.swift */,
				188CC076264E9F9500ECFECE /* HabitDetailViewCell.swift */,
			);
			path = HabitDetail;
			sourceTree = "<group>";
		};
/* End PBXGroup section */

/* Begin PBXNativeTarget section */
		184195A2263FF76B0079AA90 /* MyHabits */ = {
			isa = PBXNativeTarget;
			buildConfigurationList = 184195B7263FF76C0079AA90 /* Build configuration list for PBXNativeTarget "MyHabits" */;
			buildPhases = (
				1841959F263FF76B0079AA90 /* Sources */,
				184195A0263FF76B0079AA90 /* Frameworks */,
				184195A1263FF76B0079AA90 /* Resources */,
			);
			buildRules = (
			);
			dependencies = (
			);
			name = MyHabits;
			productName = MyHabits;
			productReference = 184195A3263FF76B0079AA90 /* MyHabits.app */;
			productType = "com.apple.product-type.application";
		};
/* End PBXNativeTarget section */

/* Begin PBXProject section */
		1841959B263FF76B0079AA90 /* Project object */ = {
			isa = PBXProject;
			attributes = {
				LastSwiftUpdateCheck = 1230;
				LastUpgradeCheck = 1230;
				TargetAttributes = {
					184195A2263FF76B0079AA90 = {
						CreatedOnToolsVersion = 12.3;
					};
				};
			};
			buildConfigurationList = 1841959E263FF76B0079AA90 /* Build configuration list for PBXProject "MyHabits" */;
			compatibilityVersion = "Xcode 9.3";
			developmentRegion = en;
			hasScannedForEncodings = 0;
			knownRegions = (
				en,
				Base,
			);
			mainGroup = 1841959A263FF76B0079AA90;
			productRefGroup = 184195A4263FF76B0079AA90 /* Products */;
			projectDirPath = "";
			projectRoot = "";
			targets = (
				184195A2263FF76B0079AA90 /* MyHabits */,
			);
		};
/* End PBXProject section */

/* Begin PBXResourcesBuildPhase section */
		184195A1263FF76B0079AA90 /* Resources */ = {
			isa = PBXResourcesBuildPhase;
			buildActionMask = 2147483647;
			files = (
				184195B3263FF76C0079AA90 /* LaunchScreen.storyboard in Resources */,
				184195B0263FF76C0079AA90 /* Assets.xcassets in Resources */,
			);
			runOnlyForDeploymentPostprocessing = 0;
		};
/* End PBXResourcesBuildPhase section */

/* Begin PBXSourcesBuildPhase section */
		1841959F263FF76B0079AA90 /* Sources */ = {
			isa = PBXSourcesBuildPhase;
			buildActionMask = 2147483647;
			files = (
				188CC074264E9F6B00ECFECE /* HabitDetailHeader.swift in Sources */,
				18A5E70D2673A01B00ABFF17 /* RootTabBarController.swift in Sources */,
				184195C62643E6430079AA90 /* HabitsViewController.swift in Sources */,
				184637F72646AB9C00B8082F /* Protocols.swift in Sources */,
				186A8DDD2652ED6400A8AA0C /* ProgressCollectionViewCell.swift in Sources */,
				186A8DDA26500D0400A8AA0C /* CorrectHabitViewController.swift in Sources */,
				184195A7263FF76B0079AA90 /* AppDelegate.swift in Sources */,
				188CC077264E9F9500ECFECE /* HabitDetailViewCell.swift in Sources */,
				184195C02642C5730079AA90 /* InfoViewController.swift in Sources */,
				184195C32643DC9F0079AA90 /* HabitsStore.swift in Sources */,
				184195A9263FF76B0079AA90 /* SceneDelegate.swift in Sources */,
				188CC070264E9EE600ECFECE /* HabitDetailsViewController.swift in Sources */,
				184637FE264BDE4A00B8082F /* HabitCollectionViewCell.swift in Sources */,
			);
			runOnlyForDeploymentPostprocessing = 0;
		};
/* End PBXSourcesBuildPhase section */

/* Begin PBXVariantGroup section */
		184195B1263FF76C0079AA90 /* LaunchScreen.storyboard */ = {
			isa = PBXVariantGroup;
			children = (
				184195B2263FF76C0079AA90 /* Base */,
			);
			name = LaunchScreen.storyboard;
			sourceTree = "<group>";
		};
/* End PBXVariantGroup section */

/* Begin XCBuildConfiguration section */
		184195B5263FF76C0079AA90 /* Debug */ = {
			isa = XCBuildConfiguration;
			buildSettings = {
				ALWAYS_SEARCH_USER_PATHS = NO;
				CLANG_ANALYZER_NONNULL = YES;
				CLANG_ANALYZER_NUMBER_OBJECT_CONVERSION = YES_AGGRESSIVE;
				CLANG_CXX_LANGUAGE_STANDARD = "gnu++14";
				CLANG_CXX_LIBRARY = "libc++";
				CLANG_ENABLE_MODULES = YES;
				CLANG_ENABLE_OBJC_ARC = YES;
				CLANG_ENABLE_OBJC_WEAK = YES;
				CLANG_WARN_BLOCK_CAPTURE_AUTORELEASING = YES;
				CLANG_WARN_BOOL_CONVERSION = YES;
				CLANG_WARN_COMMA = YES;
				CLANG_WARN_CONSTANT_CONVERSION = YES;
				CLANG_WARN_DEPRECATED_OBJC_IMPLEMENTATIONS = YES;
				CLANG_WARN_DIRECT_OBJC_ISA_USAGE = YES_ERROR;
				CLANG_WARN_DOCUMENTATION_COMMENTS = YES;
				CLANG_WARN_EMPTY_BODY = YES;
				CLANG_WARN_ENUM_CONVERSION = YES;
				CLANG_WARN_INFINITE_RECURSION = YES;
				CLANG_WARN_INT_CONVERSION = YES;
				CLANG_WARN_NON_LITERAL_NULL_CONVERSION = YES;
				CLANG_WARN_OBJC_IMPLICIT_RETAIN_SELF = YES;
				CLANG_WARN_OBJC_LITERAL_CONVERSION = YES;
				CLANG_WARN_OBJC_ROOT_CLASS = YES_ERROR;
				CLANG_WARN_QUOTED_INCLUDE_IN_FRAMEWORK_HEADER = YES;
				CLANG_WARN_RANGE_LOOP_ANALYSIS = YES;
				CLANG_WARN_STRICT_PROTOTYPES = YES;
				CLANG_WARN_SUSPICIOUS_MOVE = YES;
				CLANG_WARN_UNGUARDED_AVAILABILITY = YES_AGGRESSIVE;
				CLANG_WARN_UNREACHABLE_CODE = YES;
				CLANG_WARN__DUPLICATE_METHOD_MATCH = YES;
				COPY_PHASE_STRIP = NO;
				DEBUG_INFORMATION_FORMAT = dwarf;
				ENABLE_STRICT_OBJC_MSGSEND = YES;
				ENABLE_TESTABILITY = YES;
				GCC_C_LANGUAGE_STANDARD = gnu11;
				GCC_DYNAMIC_NO_PIC = NO;
				GCC_NO_COMMON_BLOCKS = YES;
				GCC_OPTIMIZATION_LEVEL = 0;
				GCC_PREPROCESSOR_DEFINITIONS = (
					"DEBUG=1",
					"$(inherited)",
				);
				GCC_WARN_64_TO_32_BIT_CONVERSION = YES;
				GCC_WARN_ABOUT_RETURN_TYPE = YES_ERROR;
				GCC_WARN_UNDECLARED_SELECTOR = YES;
				GCC_WARN_UNINITIALIZED_AUTOS = YES_AGGRESSIVE;
				GCC_WARN_UNUSED_FUNCTION = YES;
				GCC_WARN_UNUSED_VARIABLE = YES;
				IPHONEOS_DEPLOYMENT_TARGET = 14.3;
				MTL_ENABLE_DEBUG_INFO = INCLUDE_SOURCE;
				MTL_FAST_MATH = YES;
				ONLY_ACTIVE_ARCH = YES;
				SDKROOT = iphoneos;
				SWIFT_ACTIVE_COMPILATION_CONDITIONS = DEBUG;
				SWIFT_OPTIMIZATION_LEVEL = "-Onone";
			};
			name = Debug;
		};
		184195B6263FF76C0079AA90 /* Release */ = {
			isa = XCBuildConfiguration;
			buildSettings = {
				ALWAYS_SEARCH_USER_PATHS = NO;
				CLANG_ANALYZER_NONNULL = YES;
				CLANG_ANALYZER_NUMBER_OBJECT_CONVERSION = YES_AGGRESSIVE;
				CLANG_CXX_LANGUAGE_STANDARD = "gnu++14";
				CLANG_CXX_LIBRARY = "libc++";
				CLANG_ENABLE_MODULES = YES;
				CLANG_ENABLE_OBJC_ARC = YES;
				CLANG_ENABLE_OBJC_WEAK = YES;
				CLANG_WARN_BLOCK_CAPTURE_AUTORELEASING = YES;
				CLANG_WARN_BOOL_CONVERSION = YES;
				CLANG_WARN_COMMA = YES;
				CLANG_WARN_CONSTANT_CONVERSION = YES;
				CLANG_WARN_DEPRECATED_OBJC_IMPLEMENTATIONS = YES;
				CLANG_WARN_DIRECT_OBJC_ISA_USAGE = YES_ERROR;
				CLANG_WARN_DOCUMENTATION_COMMENTS = YES;
				CLANG_WARN_EMPTY_BODY = YES;
				CLANG_WARN_ENUM_CONVERSION = YES;
				CLANG_WARN_INFINITE_RECURSION = YES;
				CLANG_WARN_INT_CONVERSION = YES;
				CLANG_WARN_NON_LITERAL_NULL_CONVERSION = YES;
				CLANG_WARN_OBJC_IMPLICIT_RETAIN_SELF = YES;
				CLANG_WARN_OBJC_LITERAL_CONVERSION = YES;
				CLANG_WARN_OBJC_ROOT_CLASS = YES_ERROR;
				CLANG_WARN_QUOTED_INCLUDE_IN_FRAMEWORK_HEADER = YES;
				CLANG_WARN_RANGE_LOOP_ANALYSIS = YES;
				CLANG_WARN_STRICT_PROTOTYPES = YES;
				CLANG_WARN_SUSPICIOUS_MOVE = YES;
				CLANG_WARN_UNGUARDED_AVAILABILITY = YES_AGGRESSIVE;
				CLANG_WARN_UNREACHABLE_CODE = YES;
				CLANG_WARN__DUPLICATE_METHOD_MATCH = YES;
				COPY_PHASE_STRIP = NO;
				DEBUG_INFORMATION_FORMAT = "dwarf-with-dsym";
				ENABLE_NS_ASSERTIONS = NO;
				ENABLE_STRICT_OBJC_MSGSEND = YES;
				GCC_C_LANGUAGE_STANDARD = gnu11;
				GCC_NO_COMMON_BLOCKS = YES;
				GCC_WARN_64_TO_32_BIT_CONVERSION = YES;
				GCC_WARN_ABOUT_RETURN_TYPE = YES_ERROR;
				GCC_WARN_UNDECLARED_SELECTOR = YES;
				GCC_WARN_UNINITIALIZED_AUTOS = YES_AGGRESSIVE;
				GCC_WARN_UNUSED_FUNCTION = YES;
				GCC_WARN_UNUSED_VARIABLE = YES;
				IPHONEOS_DEPLOYMENT_TARGET = 14.3;
				MTL_ENABLE_DEBUG_INFO = NO;
				MTL_FAST_MATH = YES;
				SDKROOT = iphoneos;
				SWIFT_COMPILATION_MODE = wholemodule;
				SWIFT_OPTIMIZATION_LEVEL = "-O";
				VALIDATE_PRODUCT = YES;
			};
			name = Release;
		};
		184195B8263FF76C0079AA90 /* Debug */ = {
			isa = XCBuildConfiguration;
			buildSettings = {
				ASSETCATALOG_COMPILER_APPICON_NAME = AppIcon;
				ASSETCATALOG_COMPILER_GLOBAL_ACCENT_COLOR_NAME = AccentColor;
				CODE_SIGN_STYLE = Automatic;
				DEVELOPMENT_TEAM = M8VAXB46U6;
				INFOPLIST_FILE = MyHabits/Info.plist;
				LD_RUNPATH_SEARCH_PATHS = (
					"$(inherited)",
					"@executable_path/Frameworks",
				);
				PRODUCT_BUNDLE_IDENTIFIER = "Aleksey-Shirokov.MyHabits";
				PRODUCT_NAME = "$(TARGET_NAME)";
				SWIFT_VERSION = 5.0;
				TARGETED_DEVICE_FAMILY = "1,2";
			};
			name = Debug;
		};
		184195B9263FF76C0079AA90 /* Release */ = {
			isa = XCBuildConfiguration;
			buildSettings = {
				ASSETCATALOG_COMPILER_APPICON_NAME = AppIcon;
				ASSETCATALOG_COMPILER_GLOBAL_ACCENT_COLOR_NAME = AccentColor;
				CODE_SIGN_STYLE = Automatic;
				DEVELOPMENT_TEAM = M8VAXB46U6;
				INFOPLIST_FILE = MyHabits/Info.plist;
				LD_RUNPATH_SEARCH_PATHS = (
					"$(inherited)",
					"@executable_path/Frameworks",
				);
				PRODUCT_BUNDLE_IDENTIFIER = "Aleksey-Shirokov.MyHabits";
				PRODUCT_NAME = "$(TARGET_NAME)";
				SWIFT_VERSION = 5.0;
				TARGETED_DEVICE_FAMILY = "1,2";
			};
			name = Release;
		};
/* End XCBuildConfiguration section */

/* Begin XCConfigurationList section */
		1841959E263FF76B0079AA90 /* Build configuration list for PBXProject "MyHabits" */ = {
			isa = XCConfigurationList;
			buildConfigurations = (
				184195B5263FF76C0079AA90 /* Debug */,
				184195B6263FF76C0079AA90 /* Release */,
			);
			defaultConfigurationIsVisible = 0;
			defaultConfigurationName = Release;
		};
		184195B7263FF76C0079AA90 /* Build configuration list for PBXNativeTarget "MyHabits" */ = {
			isa = XCConfigurationList;
			buildConfigurations = (
				184195B8263FF76C0079AA90 /* Debug */,
				184195B9263FF76C0079AA90 /* Release */,
			);
			defaultConfigurationIsVisible = 0;
			defaultConfigurationName = Release;
		};
/* End XCConfigurationList section */
	};
	rootObject = 1841959B263FF76B0079AA90 /* Project object */;
}
